
Microsoft Visual Studio Solution File, Format Version 12.00
# Visual Studio 15
VisualStudioVersion = 15.0.26124.0
MinimumVisualStudioVersion = 15.0.26124.0
Project("{2150E333-8FDC-42A3-9474-1A3956D46DE8}") = "src", "src", "{CBEE5FE4-3765-4385-B348-66AFC3EE15B7}"
EndProject
Project("{FAE04EC0-301F-11D3-BF4B-00C04F79EFBC}") = "DevNews.DiscordBot", "src\DevNews.DiscordBot\DevNews.DiscordBot.csproj", "{619F1881-AA7F-4C3C-BC2D-641E96DA3FB1}"
EndProject
Project("{F2A71F9B-5D33-465A-A702-920D77279786}") = "DevNews.Shared", "src\DevNews.Shared\DevNews.Shared.fsproj", "{5E471C1A-0CB8-4D98-9B62-D2BE374698D4}"
EndProject
Project("{F2A71F9B-5D33-465A-A702-920D77279786}") = "DevNews.TwitterCrawler", "src\DevNews.TwitterCrawler\DevNews.TwitterCrawler.fsproj", "{B6066906-EEAD-4DA8-AC35-7D67E5364B1B}"
EndProject
Project("{F2A71F9B-5D33-465A-A702-920D77279786}") = "DevNews.Utils", "src\DevNews.Utils\DevNews.Utils.fsproj", "{ED8C2ABB-D28C-43FD-BEEA-A33F030AC0C2}"
EndProject
Global
	GlobalSection(SolutionConfigurationPlatforms) = preSolution
		Debug|Any CPU = Debug|Any CPU
		Debug|x64 = Debug|x64
		Debug|x86 = Debug|x86
		Release|Any CPU = Release|Any CPU
		Release|x64 = Release|x64
		Release|x86 = Release|x86
	EndGlobalSection
	GlobalSection(SolutionProperties) = preSolution
		HideSolutionNode = FALSE
	EndGlobalSection
	GlobalSection(ProjectConfigurationPlatforms) = postSolution
		{619F1881-AA7F-4C3C-BC2D-641E96DA3FB1}.Debug|Any CPU.ActiveCfg = Debug|Any CPU
		{619F1881-AA7F-4C3C-BC2D-641E96DA3FB1}.Debug|Any CPU.Build.0 = Debug|Any CPU
		{619F1881-AA7F-4C3C-BC2D-641E96DA3FB1}.Debug|x64.ActiveCfg = Debug|Any CPU
		{619F1881-AA7F-4C3C-BC2D-641E96DA3FB1}.Debug|x64.Build.0 = Debug|Any CPU
		{619F1881-AA7F-4C3C-BC2D-641E96DA3FB1}.Debug|x86.ActiveCfg = Debug|Any CPU
		{619F1881-AA7F-4C3C-BC2D-641E96DA3FB1}.Debug|x86.Build.0 = Debug|Any CPU
		{619F1881-AA7F-4C3C-BC2D-641E96DA3FB1}.Release|Any CPU.ActiveCfg = Release|Any CPU
		{619F1881-AA7F-4C3C-BC2D-641E96DA3FB1}.Release|Any CPU.Build.0 = Release|Any CPU
		{619F1881-AA7F-4C3C-BC2D-641E96DA3FB1}.Release|x64.ActiveCfg = Release|Any CPU
		{619F1881-AA7F-4C3C-BC2D-641E96DA3FB1}.Release|x64.Build.0 = Release|Any CPU
		{619F1881-AA7F-4C3C-BC2D-641E96DA3FB1}.Release|x86.ActiveCfg = Release|Any CPU
		{619F1881-AA7F-4C3C-BC2D-641E96DA3FB1}.Release|x86.Build.0 = Release|Any CPU
		{5E471C1A-0CB8-4D98-9B62-D2BE374698D4}.Debug|Any CPU.ActiveCfg = Debug|Any CPU
		{5E471C1A-0CB8-4D98-9B62-D2BE374698D4}.Debug|Any CPU.Build.0 = Debug|Any CPU
		{5E471C1A-0CB8-4D98-9B62-D2BE374698D4}.Debug|x64.ActiveCfg = Debug|Any CPU
		{5E471C1A-0CB8-4D98-9B62-D2BE374698D4}.Debug|x64.Build.0 = Debug|Any CPU
		{5E471C1A-0CB8-4D98-9B62-D2BE374698D4}.Debug|x86.ActiveCfg = Debug|Any CPU
		{5E471C1A-0CB8-4D98-9B62-D2BE374698D4}.Debug|x86.Build.0 = Debug|Any CPU
		{5E471C1A-0CB8-4D98-9B62-D2BE374698D4}.Release|Any CPU.ActiveCfg = Release|Any CPU
		{5E471C1A-0CB8-4D98-9B62-D2BE374698D4}.Release|Any CPU.Build.0 = Release|Any CPU
		{5E471C1A-0CB8-4D98-9B62-D2BE374698D4}.Release|x64.ActiveCfg = Release|Any CPU
		{5E471C1A-0CB8-4D98-9B62-D2BE374698D4}.Release|x64.Build.0 = Release|Any CPU
		{5E471C1A-0CB8-4D98-9B62-D2BE374698D4}.Release|x86.ActiveCfg = Release|Any CPU
		{5E471C1A-0CB8-4D98-9B62-D2BE374698D4}.Release|x86.Build.0 = Release|Any CPU
		{B6066906-EEAD-4DA8-AC35-7D67E5364B1B}.Debug|Any CPU.ActiveCfg = Debug|Any CPU
		{B6066906-EEAD-4DA8-AC35-7D67E5364B1B}.Debug|Any CPU.Build.0 = Debug|Any CPU
		{B6066906-EEAD-4DA8-AC35-7D67E5364B1B}.Debug|x64.ActiveCfg = Debug|Any CPU
		{B6066906-EEAD-4DA8-AC35-7D67E5364B1B}.Debug|x64.Build.0 = Debug|Any CPU
		{B6066906-EEAD-4DA8-AC35-7D67E5364B1B}.Debug|x86.ActiveCfg = Debug|Any CPU
		{B6066906-EEAD-4DA8-AC35-7D67E5364B1B}.Debug|x86.Build.0 = Debug|Any CPU
		{B6066906-EEAD-4DA8-AC35-7D67E5364B1B}.Release|Any CPU.ActiveCfg = Release|Any CPU
		{B6066906-EEAD-4DA8-AC35-7D67E5364B1B}.Release|Any CPU.Build.0 = Release|Any CPU
		{B6066906-EEAD-4DA8-AC35-7D67E5364B1B}.Release|x64.ActiveCfg = Release|Any CPU
		{B6066906-EEAD-4DA8-AC35-7D67E5364B1B}.Release|x64.Build.0 = Release|Any CPU
		{B6066906-EEAD-4DA8-AC35-7D67E5364B1B}.Release|x86.ActiveCfg = Release|Any CPU
		{B6066906-EEAD-4DA8-AC35-7D67E5364B1B}.Release|x86.Build.0 = Release|Any CPU
		{ED8C2ABB-D28C-43FD-BEEA-A33F030AC0C2}.Debug|Any CPU.ActiveCfg = Debug|Any CPU
		{ED8C2ABB-D28C-43FD-BEEA-A33F030AC0C2}.Debug|Any CPU.Build.0 = Debug|Any CPU
		{ED8C2ABB-D28C-43FD-BEEA-A33F030AC0C2}.Debug|x64.ActiveCfg = Debug|Any CPU
		{ED8C2ABB-D28C-43FD-BEEA-A33F030AC0C2}.Debug|x64.Build.0 = Debug|Any CPU
		{ED8C2ABB-D28C-43FD-BEEA-A33F030AC0C2}.Debug|x86.ActiveCfg = Debug|Any CPU
		{ED8C2ABB-D28C-43FD-BEEA-A33F030AC0C2}.Debug|x86.Build.0 = Debug|Any CPU
		{ED8C2ABB-D28C-43FD-BEEA-A33F030AC0C2}.Release|Any CPU.ActiveCfg = Release|Any CPU
		{ED8C2ABB-D28C-43FD-BEEA-A33F030AC0C2}.Release|Any CPU.Build.0 = Release|Any CPU
		{ED8C2ABB-D28C-43FD-BEEA-A33F030AC0C2}.Release|x64.ActiveCfg = Release|Any CPU
		{ED8C2ABB-D28C-43FD-BEEA-A33F030AC0C2}.Release|x64.Build.0 = Release|Any CPU
		{ED8C2ABB-D28C-43FD-BEEA-A33F030AC0C2}.Release|x86.ActiveCfg = Release|Any CPU
		{ED8C2ABB-D28C-43FD-BEEA-A33F030AC0C2}.Release|x86.Build.0 = Release|Any CPU
	EndGlobalSection
	GlobalSection(NestedProjects) = preSolution
		{619F1881-AA7F-4C3C-BC2D-641E96DA3FB1} = {CBEE5FE4-3765-4385-B348-66AFC3EE15B7}
		{5E471C1A-0CB8-4D98-9B62-D2BE374698D4} = {CBEE5FE4-3765-4385-B348-66AFC3EE15B7}
		{B6066906-EEAD-4DA8-AC35-7D67E5364B1B} = {CBEE5FE4-3765-4385-B348-66AFC3EE15B7}
		{ED8C2ABB-D28C-43FD-BEEA-A33F030AC0C2} = {CBEE5FE4-3765-4385-B348-66AFC3EE15B7}
	EndGlobalSection
EndGlobal
