
Microsoft Visual Studio Solution File, Format Version 12.00
# Visual Studio 15
VisualStudioVersion = 15.0.26124.0
MinimumVisualStudioVersion = 15.0.26124.0
Project("{2150E333-8FDC-42A3-9474-1A3956D46DE8}") = "src", "src", "{93F0838E-B38F-4821-866A-964E5CDF781D}"
EndProject
Project("{FAE04EC0-301F-11D3-BF4B-00C04F79EFBC}") = "DevNews.Core", "src\DevNews.Core\DevNews.Core.csproj", "{104B95DB-F722-4E44-8E94-E283E8B1312C}"
EndProject
Project("{2150E333-8FDC-42A3-9474-1A3956D46DE8}") = "tests", "tests", "{152813B7-DF24-4443-942C-CD2955C61CA9}"
EndProject
Project("{FAE04EC0-301F-11D3-BF4B-00C04F79EFBC}") = "DevNews.Core.UnitTests", "tests\DevNews.Core.UnitTests\DevNews.Core.UnitTests.csproj", "{498DFC0A-1E45-4F27-A6B0-C65BF5CE7B38}"
EndProject
Project("{FAE04EC0-301F-11D3-BF4B-00C04F79EFBC}") = "DevNews.Infrastructure.Notifications", "src\DevNews.Infrastructure.Notifications\DevNews.Infrastructure.Notifications.csproj", "{4FDA75AA-0CB3-4B5A-92F0-B7DEFA525942}"
EndProject
Project("{FAE04EC0-301F-11D3-BF4B-00C04F79EFBC}") = "DevNews.Infrastructure.Parsers", "src\DevNews.Infrastructure.Parsers\DevNews.Infrastructure.Parsers.csproj", "{9D7EAF03-8EC9-4C7A-9403-8940838C426F}"
EndProject
Project("{FAE04EC0-301F-11D3-BF4B-00C04F79EFBC}") = "DevNews.Infrastructure.Persistence", "src\DevNews.Infrastructure.Persistence\DevNews.Infrastructure.Persistence.csproj", "{BDDA4E65-CEB8-4BFE-974D-9192D8BF4BF6}"
EndProject
Project("{FAE04EC0-301F-11D3-BF4B-00C04F79EFBC}") = "DevNews.Infrastructure.Parsers.UnitTests", "tests\DevNews.Infrastructure.Parsers.UnitTests\DevNews.Infrastructure.Parsers.UnitTests.csproj", "{1885D88D-0ED0-401A-8678-BDCAECA6CF8C}"
EndProject
Project("{FAE04EC0-301F-11D3-BF4B-00C04F79EFBC}") = "DevNews.Cli", "src\DevNews.Cli\DevNews.Cli.csproj", "{524117F9-B49E-4AFF-9873-4C4B1B6AFC3C}"
EndProject
Project("{FAE04EC0-301F-11D3-BF4B-00C04F79EFBC}") = "DevNews.Infrastructure.Notifications.UnitTests", "tests\DevNews.Infrastructure.Notifications.UnitTests\DevNews.Infrastructure.Notifications.UnitTests.csproj", "{747B0D0B-DDA4-4B0E-A599-CF753326589E}"
EndProject
Project("{FAE04EC0-301F-11D3-BF4B-00C04F79EFBC}") = "DevNews.WebApp", "src\DevNews.WebApp\DevNews.WebApp.csproj", "{7E1CE898-544A-44F2-9BCD-D6265F975A0B}"
EndProject
Project("{FAE04EC0-301F-11D3-BF4B-00C04F79EFBC}") = "DevNews.Persistence.UnitTests", "tests\DevNews.Persistence.UnitTests\DevNews.Persistence.UnitTests.csproj", "{5376EC5C-151B-4D27-8BB7-FBD71F83CE02}"
EndProject
Global
	GlobalSection(SolutionConfigurationPlatforms) = preSolution
		Debug|Any CPU = Debug|Any CPU
		Debug|x64 = Debug|x64
		Debug|x86 = Debug|x86
		Release|Any CPU = Release|Any CPU
		Release|x64 = Release|x64
		Release|x86 = Release|x86
	EndGlobalSection
	GlobalSection(SolutionProperties) = preSolution
		HideSolutionNode = FALSE
	EndGlobalSection
	GlobalSection(NestedProjects) = preSolution
		{104B95DB-F722-4E44-8E94-E283E8B1312C} = {93F0838E-B38F-4821-866A-964E5CDF781D}
		{498DFC0A-1E45-4F27-A6B0-C65BF5CE7B38} = {152813B7-DF24-4443-942C-CD2955C61CA9}
		{4FDA75AA-0CB3-4B5A-92F0-B7DEFA525942} = {93F0838E-B38F-4821-866A-964E5CDF781D}
		{9D7EAF03-8EC9-4C7A-9403-8940838C426F} = {93F0838E-B38F-4821-866A-964E5CDF781D}
		{BDDA4E65-CEB8-4BFE-974D-9192D8BF4BF6} = {93F0838E-B38F-4821-866A-964E5CDF781D}
		{1885D88D-0ED0-401A-8678-BDCAECA6CF8C} = {152813B7-DF24-4443-942C-CD2955C61CA9}
		{524117F9-B49E-4AFF-9873-4C4B1B6AFC3C} = {93F0838E-B38F-4821-866A-964E5CDF781D}
		{747B0D0B-DDA4-4B0E-A599-CF753326589E} = {152813B7-DF24-4443-942C-CD2955C61CA9}
		{7E1CE898-544A-44F2-9BCD-D6265F975A0B} = {93F0838E-B38F-4821-866A-964E5CDF781D}
		{5376EC5C-151B-4D27-8BB7-FBD71F83CE02} = {152813B7-DF24-4443-942C-CD2955C61CA9}
	EndGlobalSection
	GlobalSection(ProjectConfigurationPlatforms) = postSolution
		{104B95DB-F722-4E44-8E94-E283E8B1312C}.Debug|Any CPU.ActiveCfg = Debug|Any CPU
		{104B95DB-F722-4E44-8E94-E283E8B1312C}.Debug|Any CPU.Build.0 = Debug|Any CPU
		{104B95DB-F722-4E44-8E94-E283E8B1312C}.Debug|x64.ActiveCfg = Debug|Any CPU
		{104B95DB-F722-4E44-8E94-E283E8B1312C}.Debug|x64.Build.0 = Debug|Any CPU
		{104B95DB-F722-4E44-8E94-E283E8B1312C}.Debug|x86.ActiveCfg = Debug|Any CPU
		{104B95DB-F722-4E44-8E94-E283E8B1312C}.Debug|x86.Build.0 = Debug|Any CPU
		{104B95DB-F722-4E44-8E94-E283E8B1312C}.Release|Any CPU.ActiveCfg = Release|Any CPU
		{104B95DB-F722-4E44-8E94-E283E8B1312C}.Release|Any CPU.Build.0 = Release|Any CPU
		{104B95DB-F722-4E44-8E94-E283E8B1312C}.Release|x64.ActiveCfg = Release|Any CPU
		{104B95DB-F722-4E44-8E94-E283E8B1312C}.Release|x64.Build.0 = Release|Any CPU
		{104B95DB-F722-4E44-8E94-E283E8B1312C}.Release|x86.ActiveCfg = Release|Any CPU
		{104B95DB-F722-4E44-8E94-E283E8B1312C}.Release|x86.Build.0 = Release|Any CPU
		{498DFC0A-1E45-4F27-A6B0-C65BF5CE7B38}.Debug|Any CPU.ActiveCfg = Debug|Any CPU
		{498DFC0A-1E45-4F27-A6B0-C65BF5CE7B38}.Debug|Any CPU.Build.0 = Debug|Any CPU
		{498DFC0A-1E45-4F27-A6B0-C65BF5CE7B38}.Debug|x64.ActiveCfg = Debug|Any CPU
		{498DFC0A-1E45-4F27-A6B0-C65BF5CE7B38}.Debug|x64.Build.0 = Debug|Any CPU
		{498DFC0A-1E45-4F27-A6B0-C65BF5CE7B38}.Debug|x86.ActiveCfg = Debug|Any CPU
		{498DFC0A-1E45-4F27-A6B0-C65BF5CE7B38}.Debug|x86.Build.0 = Debug|Any CPU
		{498DFC0A-1E45-4F27-A6B0-C65BF5CE7B38}.Release|Any CPU.ActiveCfg = Release|Any CPU
		{498DFC0A-1E45-4F27-A6B0-C65BF5CE7B38}.Release|Any CPU.Build.0 = Release|Any CPU
		{498DFC0A-1E45-4F27-A6B0-C65BF5CE7B38}.Release|x64.ActiveCfg = Release|Any CPU
		{498DFC0A-1E45-4F27-A6B0-C65BF5CE7B38}.Release|x64.Build.0 = Release|Any CPU
		{498DFC0A-1E45-4F27-A6B0-C65BF5CE7B38}.Release|x86.ActiveCfg = Release|Any CPU
		{498DFC0A-1E45-4F27-A6B0-C65BF5CE7B38}.Release|x86.Build.0 = Release|Any CPU
		{4FDA75AA-0CB3-4B5A-92F0-B7DEFA525942}.Debug|Any CPU.ActiveCfg = Debug|Any CPU
		{4FDA75AA-0CB3-4B5A-92F0-B7DEFA525942}.Debug|Any CPU.Build.0 = Debug|Any CPU
		{4FDA75AA-0CB3-4B5A-92F0-B7DEFA525942}.Debug|x64.ActiveCfg = Debug|Any CPU
		{4FDA75AA-0CB3-4B5A-92F0-B7DEFA525942}.Debug|x64.Build.0 = Debug|Any CPU
		{4FDA75AA-0CB3-4B5A-92F0-B7DEFA525942}.Debug|x86.ActiveCfg = Debug|Any CPU
		{4FDA75AA-0CB3-4B5A-92F0-B7DEFA525942}.Debug|x86.Build.0 = Debug|Any CPU
		{4FDA75AA-0CB3-4B5A-92F0-B7DEFA525942}.Release|Any CPU.ActiveCfg = Release|Any CPU
		{4FDA75AA-0CB3-4B5A-92F0-B7DEFA525942}.Release|Any CPU.Build.0 = Release|Any CPU
		{4FDA75AA-0CB3-4B5A-92F0-B7DEFA525942}.Release|x64.ActiveCfg = Release|Any CPU
		{4FDA75AA-0CB3-4B5A-92F0-B7DEFA525942}.Release|x64.Build.0 = Release|Any CPU
		{4FDA75AA-0CB3-4B5A-92F0-B7DEFA525942}.Release|x86.ActiveCfg = Release|Any CPU
		{4FDA75AA-0CB3-4B5A-92F0-B7DEFA525942}.Release|x86.Build.0 = Release|Any CPU
		{9D7EAF03-8EC9-4C7A-9403-8940838C426F}.Debug|Any CPU.ActiveCfg = Debug|Any CPU
		{9D7EAF03-8EC9-4C7A-9403-8940838C426F}.Debug|Any CPU.Build.0 = Debug|Any CPU
		{9D7EAF03-8EC9-4C7A-9403-8940838C426F}.Debug|x64.ActiveCfg = Debug|Any CPU
		{9D7EAF03-8EC9-4C7A-9403-8940838C426F}.Debug|x64.Build.0 = Debug|Any CPU
		{9D7EAF03-8EC9-4C7A-9403-8940838C426F}.Debug|x86.ActiveCfg = Debug|Any CPU
		{9D7EAF03-8EC9-4C7A-9403-8940838C426F}.Debug|x86.Build.0 = Debug|Any CPU
		{9D7EAF03-8EC9-4C7A-9403-8940838C426F}.Release|Any CPU.ActiveCfg = Release|Any CPU
		{9D7EAF03-8EC9-4C7A-9403-8940838C426F}.Release|Any CPU.Build.0 = Release|Any CPU
		{9D7EAF03-8EC9-4C7A-9403-8940838C426F}.Release|x64.ActiveCfg = Release|Any CPU
		{9D7EAF03-8EC9-4C7A-9403-8940838C426F}.Release|x64.Build.0 = Release|Any CPU
		{9D7EAF03-8EC9-4C7A-9403-8940838C426F}.Release|x86.ActiveCfg = Release|Any CPU
		{9D7EAF03-8EC9-4C7A-9403-8940838C426F}.Release|x86.Build.0 = Release|Any CPU
		{BDDA4E65-CEB8-4BFE-974D-9192D8BF4BF6}.Debug|Any CPU.ActiveCfg = Debug|Any CPU
		{BDDA4E65-CEB8-4BFE-974D-9192D8BF4BF6}.Debug|Any CPU.Build.0 = Debug|Any CPU
		{BDDA4E65-CEB8-4BFE-974D-9192D8BF4BF6}.Debug|x64.ActiveCfg = Debug|Any CPU
		{BDDA4E65-CEB8-4BFE-974D-9192D8BF4BF6}.Debug|x64.Build.0 = Debug|Any CPU
		{BDDA4E65-CEB8-4BFE-974D-9192D8BF4BF6}.Debug|x86.ActiveCfg = Debug|Any CPU
		{BDDA4E65-CEB8-4BFE-974D-9192D8BF4BF6}.Debug|x86.Build.0 = Debug|Any CPU
		{BDDA4E65-CEB8-4BFE-974D-9192D8BF4BF6}.Release|Any CPU.ActiveCfg = Release|Any CPU
		{BDDA4E65-CEB8-4BFE-974D-9192D8BF4BF6}.Release|Any CPU.Build.0 = Release|Any CPU
		{BDDA4E65-CEB8-4BFE-974D-9192D8BF4BF6}.Release|x64.ActiveCfg = Release|Any CPU
		{BDDA4E65-CEB8-4BFE-974D-9192D8BF4BF6}.Release|x64.Build.0 = Release|Any CPU
		{BDDA4E65-CEB8-4BFE-974D-9192D8BF4BF6}.Release|x86.ActiveCfg = Release|Any CPU
		{BDDA4E65-CEB8-4BFE-974D-9192D8BF4BF6}.Release|x86.Build.0 = Release|Any CPU
		{1885D88D-0ED0-401A-8678-BDCAECA6CF8C}.Debug|Any CPU.ActiveCfg = Debug|Any CPU
		{1885D88D-0ED0-401A-8678-BDCAECA6CF8C}.Debug|Any CPU.Build.0 = Debug|Any CPU
		{1885D88D-0ED0-401A-8678-BDCAECA6CF8C}.Debug|x64.ActiveCfg = Debug|Any CPU
		{1885D88D-0ED0-401A-8678-BDCAECA6CF8C}.Debug|x64.Build.0 = Debug|Any CPU
		{1885D88D-0ED0-401A-8678-BDCAECA6CF8C}.Debug|x86.ActiveCfg = Debug|Any CPU
		{1885D88D-0ED0-401A-8678-BDCAECA6CF8C}.Debug|x86.Build.0 = Debug|Any CPU
		{1885D88D-0ED0-401A-8678-BDCAECA6CF8C}.Release|Any CPU.ActiveCfg = Release|Any CPU
		{1885D88D-0ED0-401A-8678-BDCAECA6CF8C}.Release|Any CPU.Build.0 = Release|Any CPU
		{1885D88D-0ED0-401A-8678-BDCAECA6CF8C}.Release|x64.ActiveCfg = Release|Any CPU
		{1885D88D-0ED0-401A-8678-BDCAECA6CF8C}.Release|x64.Build.0 = Release|Any CPU
		{1885D88D-0ED0-401A-8678-BDCAECA6CF8C}.Release|x86.ActiveCfg = Release|Any CPU
		{1885D88D-0ED0-401A-8678-BDCAECA6CF8C}.Release|x86.Build.0 = Release|Any CPU
		{524117F9-B49E-4AFF-9873-4C4B1B6AFC3C}.Debug|Any CPU.ActiveCfg = Debug|Any CPU
		{524117F9-B49E-4AFF-9873-4C4B1B6AFC3C}.Debug|Any CPU.Build.0 = Debug|Any CPU
		{524117F9-B49E-4AFF-9873-4C4B1B6AFC3C}.Debug|x64.ActiveCfg = Debug|Any CPU
		{524117F9-B49E-4AFF-9873-4C4B1B6AFC3C}.Debug|x64.Build.0 = Debug|Any CPU
		{524117F9-B49E-4AFF-9873-4C4B1B6AFC3C}.Debug|x86.ActiveCfg = Debug|Any CPU
		{524117F9-B49E-4AFF-9873-4C4B1B6AFC3C}.Debug|x86.Build.0 = Debug|Any CPU
		{524117F9-B49E-4AFF-9873-4C4B1B6AFC3C}.Release|Any CPU.ActiveCfg = Release|Any CPU
		{524117F9-B49E-4AFF-9873-4C4B1B6AFC3C}.Release|Any CPU.Build.0 = Release|Any CPU
		{524117F9-B49E-4AFF-9873-4C4B1B6AFC3C}.Release|x64.ActiveCfg = Release|Any CPU
		{524117F9-B49E-4AFF-9873-4C4B1B6AFC3C}.Release|x64.Build.0 = Release|Any CPU
		{524117F9-B49E-4AFF-9873-4C4B1B6AFC3C}.Release|x86.ActiveCfg = Release|Any CPU
		{524117F9-B49E-4AFF-9873-4C4B1B6AFC3C}.Release|x86.Build.0 = Release|Any CPU
		{747B0D0B-DDA4-4B0E-A599-CF753326589E}.Debug|Any CPU.ActiveCfg = Debug|Any CPU
		{747B0D0B-DDA4-4B0E-A599-CF753326589E}.Debug|Any CPU.Build.0 = Debug|Any CPU
		{747B0D0B-DDA4-4B0E-A599-CF753326589E}.Debug|x64.ActiveCfg = Debug|Any CPU
		{747B0D0B-DDA4-4B0E-A599-CF753326589E}.Debug|x64.Build.0 = Debug|Any CPU
		{747B0D0B-DDA4-4B0E-A599-CF753326589E}.Debug|x86.ActiveCfg = Debug|Any CPU
		{747B0D0B-DDA4-4B0E-A599-CF753326589E}.Debug|x86.Build.0 = Debug|Any CPU
		{747B0D0B-DDA4-4B0E-A599-CF753326589E}.Release|Any CPU.ActiveCfg = Release|Any CPU
		{747B0D0B-DDA4-4B0E-A599-CF753326589E}.Release|Any CPU.Build.0 = Release|Any CPU
		{747B0D0B-DDA4-4B0E-A599-CF753326589E}.Release|x64.ActiveCfg = Release|Any CPU
		{747B0D0B-DDA4-4B0E-A599-CF753326589E}.Release|x64.Build.0 = Release|Any CPU
		{747B0D0B-DDA4-4B0E-A599-CF753326589E}.Release|x86.ActiveCfg = Release|Any CPU
		{747B0D0B-DDA4-4B0E-A599-CF753326589E}.Release|x86.Build.0 = Release|Any CPU
		{7E1CE898-544A-44F2-9BCD-D6265F975A0B}.Debug|Any CPU.ActiveCfg = Debug|Any CPU
		{7E1CE898-544A-44F2-9BCD-D6265F975A0B}.Debug|Any CPU.Build.0 = Debug|Any CPU
		{7E1CE898-544A-44F2-9BCD-D6265F975A0B}.Debug|x64.ActiveCfg = Debug|Any CPU
		{7E1CE898-544A-44F2-9BCD-D6265F975A0B}.Debug|x64.Build.0 = Debug|Any CPU
		{7E1CE898-544A-44F2-9BCD-D6265F975A0B}.Debug|x86.ActiveCfg = Debug|Any CPU
		{7E1CE898-544A-44F2-9BCD-D6265F975A0B}.Debug|x86.Build.0 = Debug|Any CPU
		{7E1CE898-544A-44F2-9BCD-D6265F975A0B}.Release|Any CPU.ActiveCfg = Release|Any CPU
		{7E1CE898-544A-44F2-9BCD-D6265F975A0B}.Release|Any CPU.Build.0 = Release|Any CPU
		{7E1CE898-544A-44F2-9BCD-D6265F975A0B}.Release|x64.ActiveCfg = Release|Any CPU
		{7E1CE898-544A-44F2-9BCD-D6265F975A0B}.Release|x64.Build.0 = Release|Any CPU
		{7E1CE898-544A-44F2-9BCD-D6265F975A0B}.Release|x86.ActiveCfg = Release|Any CPU
		{7E1CE898-544A-44F2-9BCD-D6265F975A0B}.Release|x86.Build.0 = Release|Any CPU
		{5376EC5C-151B-4D27-8BB7-FBD71F83CE02}.Debug|Any CPU.ActiveCfg = Debug|Any CPU
		{5376EC5C-151B-4D27-8BB7-FBD71F83CE02}.Debug|Any CPU.Build.0 = Debug|Any CPU
		{5376EC5C-151B-4D27-8BB7-FBD71F83CE02}.Debug|x64.ActiveCfg = Debug|Any CPU
		{5376EC5C-151B-4D27-8BB7-FBD71F83CE02}.Debug|x64.Build.0 = Debug|Any CPU
		{5376EC5C-151B-4D27-8BB7-FBD71F83CE02}.Debug|x86.ActiveCfg = Debug|Any CPU
		{5376EC5C-151B-4D27-8BB7-FBD71F83CE02}.Debug|x86.Build.0 = Debug|Any CPU
		{5376EC5C-151B-4D27-8BB7-FBD71F83CE02}.Release|Any CPU.ActiveCfg = Release|Any CPU
		{5376EC5C-151B-4D27-8BB7-FBD71F83CE02}.Release|Any CPU.Build.0 = Release|Any CPU
		{5376EC5C-151B-4D27-8BB7-FBD71F83CE02}.Release|x64.ActiveCfg = Release|Any CPU
		{5376EC5C-151B-4D27-8BB7-FBD71F83CE02}.Release|x64.Build.0 = Release|Any CPU
		{5376EC5C-151B-4D27-8BB7-FBD71F83CE02}.Release|x86.ActiveCfg = Release|Any CPU
		{5376EC5C-151B-4D27-8BB7-FBD71F83CE02}.Release|x86.Build.0 = Release|Any CPU
	EndGlobalSection
EndGlobal
