
Microsoft Visual Studio Solution File, Format Version 12.00
# Visual Studio 15
VisualStudioVersion = 15.0.26124.0
MinimumVisualStudioVersion = 15.0.26124.0
Project("{2150E333-8FDC-42A3-9474-1A3956D46DE8}") = "src", "src", "{0DE76A58-1DAC-4BD0-B444-C42C43D18A35}"
EndProject
Project("{F2A71F9B-5D33-465A-A702-920D77279786}") = "DevNews.Core", "src\DevNews.Core\DevNews.Core.fsproj", "{74608F94-C95A-4006-A106-993E9DB11CA1}"
EndProject
Project("{F2A71F9B-5D33-465A-A702-920D77279786}") = "DevNews.Infrastructure.Notifications", "src\DevNews.Infrastructure.Notifications\DevNews.Infrastructure.Notifications.fsproj", "{D82EE607-1230-4D88-99CE-6FD9152781B0}"
EndProject
Project("{F2A71F9B-5D33-465A-A702-920D77279786}") = "DevNews.Infrastructure.Persistence", "src\DevNews.Infrastructure.Persistence\DevNews.Infrastructure.Persistence.fsproj", "{E51A9543-3F52-4D69-BFA4-FE70F7E740C8}"
EndProject
Project("{F2A71F9B-5D33-465A-A702-920D77279786}") = "DevNews.Bot", "src\DevNews.Bot\DevNews.Bot.fsproj", "{D4FAF96C-6116-4933-8B6B-DB9DEBB97572}"
EndProject
Project("{F2A71F9B-5D33-465A-A702-920D77279786}") = "DevNews.Utils", "src\DevNews.Utils\DevNews.Utils.fsproj", "{7E4ED82E-5B92-47A9-B4CA-AA5DC52ED121}"
EndProject
Project("{2150E333-8FDC-42A3-9474-1A3956D46DE8}") = "tests", "tests", "{605F492F-CDA7-4395-954B-453EFA6A3189}"
EndProject
Project("{F2A71F9B-5D33-465A-A702-920D77279786}") = "DevNews.UnitTests", "tests\DevNews.UnitTests\DevNews.UnitTests.fsproj", "{C289CE4A-42DF-4DF2-9283-AA66D36903EF}"
EndProject
Global
	GlobalSection(SolutionConfigurationPlatforms) = preSolution
		Debug|Any CPU = Debug|Any CPU
		Debug|x64 = Debug|x64
		Debug|x86 = Debug|x86
		Release|Any CPU = Release|Any CPU
		Release|x64 = Release|x64
		Release|x86 = Release|x86
	EndGlobalSection
	GlobalSection(SolutionProperties) = preSolution
		HideSolutionNode = FALSE
	EndGlobalSection
	GlobalSection(ProjectConfigurationPlatforms) = postSolution
		{74608F94-C95A-4006-A106-993E9DB11CA1}.Debug|Any CPU.ActiveCfg = Debug|Any CPU
		{74608F94-C95A-4006-A106-993E9DB11CA1}.Debug|Any CPU.Build.0 = Debug|Any CPU
		{74608F94-C95A-4006-A106-993E9DB11CA1}.Debug|x64.ActiveCfg = Debug|Any CPU
		{74608F94-C95A-4006-A106-993E9DB11CA1}.Debug|x64.Build.0 = Debug|Any CPU
		{74608F94-C95A-4006-A106-993E9DB11CA1}.Debug|x86.ActiveCfg = Debug|Any CPU
		{74608F94-C95A-4006-A106-993E9DB11CA1}.Debug|x86.Build.0 = Debug|Any CPU
		{74608F94-C95A-4006-A106-993E9DB11CA1}.Release|Any CPU.ActiveCfg = Release|Any CPU
		{74608F94-C95A-4006-A106-993E9DB11CA1}.Release|Any CPU.Build.0 = Release|Any CPU
		{74608F94-C95A-4006-A106-993E9DB11CA1}.Release|x64.ActiveCfg = Release|Any CPU
		{74608F94-C95A-4006-A106-993E9DB11CA1}.Release|x64.Build.0 = Release|Any CPU
		{74608F94-C95A-4006-A106-993E9DB11CA1}.Release|x86.ActiveCfg = Release|Any CPU
		{74608F94-C95A-4006-A106-993E9DB11CA1}.Release|x86.Build.0 = Release|Any CPU
		{D82EE607-1230-4D88-99CE-6FD9152781B0}.Debug|Any CPU.ActiveCfg = Debug|Any CPU
		{D82EE607-1230-4D88-99CE-6FD9152781B0}.Debug|Any CPU.Build.0 = Debug|Any CPU
		{D82EE607-1230-4D88-99CE-6FD9152781B0}.Debug|x64.ActiveCfg = Debug|Any CPU
		{D82EE607-1230-4D88-99CE-6FD9152781B0}.Debug|x64.Build.0 = Debug|Any CPU
		{D82EE607-1230-4D88-99CE-6FD9152781B0}.Debug|x86.ActiveCfg = Debug|Any CPU
		{D82EE607-1230-4D88-99CE-6FD9152781B0}.Debug|x86.Build.0 = Debug|Any CPU
		{D82EE607-1230-4D88-99CE-6FD9152781B0}.Release|Any CPU.ActiveCfg = Release|Any CPU
		{D82EE607-1230-4D88-99CE-6FD9152781B0}.Release|Any CPU.Build.0 = Release|Any CPU
		{D82EE607-1230-4D88-99CE-6FD9152781B0}.Release|x64.ActiveCfg = Release|Any CPU
		{D82EE607-1230-4D88-99CE-6FD9152781B0}.Release|x64.Build.0 = Release|Any CPU
		{D82EE607-1230-4D88-99CE-6FD9152781B0}.Release|x86.ActiveCfg = Release|Any CPU
		{D82EE607-1230-4D88-99CE-6FD9152781B0}.Release|x86.Build.0 = Release|Any CPU
		{E51A9543-3F52-4D69-BFA4-FE70F7E740C8}.Debug|Any CPU.ActiveCfg = Debug|Any CPU
		{E51A9543-3F52-4D69-BFA4-FE70F7E740C8}.Debug|Any CPU.Build.0 = Debug|Any CPU
		{E51A9543-3F52-4D69-BFA4-FE70F7E740C8}.Debug|x64.ActiveCfg = Debug|Any CPU
		{E51A9543-3F52-4D69-BFA4-FE70F7E740C8}.Debug|x64.Build.0 = Debug|Any CPU
		{E51A9543-3F52-4D69-BFA4-FE70F7E740C8}.Debug|x86.ActiveCfg = Debug|Any CPU
		{E51A9543-3F52-4D69-BFA4-FE70F7E740C8}.Debug|x86.Build.0 = Debug|Any CPU
		{E51A9543-3F52-4D69-BFA4-FE70F7E740C8}.Release|Any CPU.ActiveCfg = Release|Any CPU
		{E51A9543-3F52-4D69-BFA4-FE70F7E740C8}.Release|Any CPU.Build.0 = Release|Any CPU
		{E51A9543-3F52-4D69-BFA4-FE70F7E740C8}.Release|x64.ActiveCfg = Release|Any CPU
		{E51A9543-3F52-4D69-BFA4-FE70F7E740C8}.Release|x64.Build.0 = Release|Any CPU
		{E51A9543-3F52-4D69-BFA4-FE70F7E740C8}.Release|x86.ActiveCfg = Release|Any CPU
		{E51A9543-3F52-4D69-BFA4-FE70F7E740C8}.Release|x86.Build.0 = Release|Any CPU
		{D4FAF96C-6116-4933-8B6B-DB9DEBB97572}.Debug|Any CPU.ActiveCfg = Debug|Any CPU
		{D4FAF96C-6116-4933-8B6B-DB9DEBB97572}.Debug|Any CPU.Build.0 = Debug|Any CPU
		{D4FAF96C-6116-4933-8B6B-DB9DEBB97572}.Debug|x64.ActiveCfg = Debug|Any CPU
		{D4FAF96C-6116-4933-8B6B-DB9DEBB97572}.Debug|x64.Build.0 = Debug|Any CPU
		{D4FAF96C-6116-4933-8B6B-DB9DEBB97572}.Debug|x86.ActiveCfg = Debug|Any CPU
		{D4FAF96C-6116-4933-8B6B-DB9DEBB97572}.Debug|x86.Build.0 = Debug|Any CPU
		{D4FAF96C-6116-4933-8B6B-DB9DEBB97572}.Release|Any CPU.ActiveCfg = Release|Any CPU
		{D4FAF96C-6116-4933-8B6B-DB9DEBB97572}.Release|Any CPU.Build.0 = Release|Any CPU
		{D4FAF96C-6116-4933-8B6B-DB9DEBB97572}.Release|x64.ActiveCfg = Release|Any CPU
		{D4FAF96C-6116-4933-8B6B-DB9DEBB97572}.Release|x64.Build.0 = Release|Any CPU
		{D4FAF96C-6116-4933-8B6B-DB9DEBB97572}.Release|x86.ActiveCfg = Release|Any CPU
		{D4FAF96C-6116-4933-8B6B-DB9DEBB97572}.Release|x86.Build.0 = Release|Any CPU
		{7E4ED82E-5B92-47A9-B4CA-AA5DC52ED121}.Debug|Any CPU.ActiveCfg = Debug|Any CPU
		{7E4ED82E-5B92-47A9-B4CA-AA5DC52ED121}.Debug|Any CPU.Build.0 = Debug|Any CPU
		{7E4ED82E-5B92-47A9-B4CA-AA5DC52ED121}.Debug|x64.ActiveCfg = Debug|Any CPU
		{7E4ED82E-5B92-47A9-B4CA-AA5DC52ED121}.Debug|x64.Build.0 = Debug|Any CPU
		{7E4ED82E-5B92-47A9-B4CA-AA5DC52ED121}.Debug|x86.ActiveCfg = Debug|Any CPU
		{7E4ED82E-5B92-47A9-B4CA-AA5DC52ED121}.Debug|x86.Build.0 = Debug|Any CPU
		{7E4ED82E-5B92-47A9-B4CA-AA5DC52ED121}.Release|Any CPU.ActiveCfg = Release|Any CPU
		{7E4ED82E-5B92-47A9-B4CA-AA5DC52ED121}.Release|Any CPU.Build.0 = Release|Any CPU
		{7E4ED82E-5B92-47A9-B4CA-AA5DC52ED121}.Release|x64.ActiveCfg = Release|Any CPU
		{7E4ED82E-5B92-47A9-B4CA-AA5DC52ED121}.Release|x64.Build.0 = Release|Any CPU
		{7E4ED82E-5B92-47A9-B4CA-AA5DC52ED121}.Release|x86.ActiveCfg = Release|Any CPU
		{7E4ED82E-5B92-47A9-B4CA-AA5DC52ED121}.Release|x86.Build.0 = Release|Any CPU
		{C289CE4A-42DF-4DF2-9283-AA66D36903EF}.Debug|Any CPU.ActiveCfg = Debug|Any CPU
		{C289CE4A-42DF-4DF2-9283-AA66D36903EF}.Debug|Any CPU.Build.0 = Debug|Any CPU
		{C289CE4A-42DF-4DF2-9283-AA66D36903EF}.Debug|x64.ActiveCfg = Debug|Any CPU
		{C289CE4A-42DF-4DF2-9283-AA66D36903EF}.Debug|x64.Build.0 = Debug|Any CPU
		{C289CE4A-42DF-4DF2-9283-AA66D36903EF}.Debug|x86.ActiveCfg = Debug|Any CPU
		{C289CE4A-42DF-4DF2-9283-AA66D36903EF}.Debug|x86.Build.0 = Debug|Any CPU
		{C289CE4A-42DF-4DF2-9283-AA66D36903EF}.Release|Any CPU.ActiveCfg = Release|Any CPU
		{C289CE4A-42DF-4DF2-9283-AA66D36903EF}.Release|Any CPU.Build.0 = Release|Any CPU
		{C289CE4A-42DF-4DF2-9283-AA66D36903EF}.Release|x64.ActiveCfg = Release|Any CPU
		{C289CE4A-42DF-4DF2-9283-AA66D36903EF}.Release|x64.Build.0 = Release|Any CPU
		{C289CE4A-42DF-4DF2-9283-AA66D36903EF}.Release|x86.ActiveCfg = Release|Any CPU
		{C289CE4A-42DF-4DF2-9283-AA66D36903EF}.Release|x86.Build.0 = Release|Any CPU
	EndGlobalSection
	GlobalSection(NestedProjects) = preSolution
		{74608F94-C95A-4006-A106-993E9DB11CA1} = {0DE76A58-1DAC-4BD0-B444-C42C43D18A35}
		{D82EE607-1230-4D88-99CE-6FD9152781B0} = {0DE76A58-1DAC-4BD0-B444-C42C43D18A35}
		{E51A9543-3F52-4D69-BFA4-FE70F7E740C8} = {0DE76A58-1DAC-4BD0-B444-C42C43D18A35}
		{D4FAF96C-6116-4933-8B6B-DB9DEBB97572} = {0DE76A58-1DAC-4BD0-B444-C42C43D18A35}
		{7E4ED82E-5B92-47A9-B4CA-AA5DC52ED121} = {0DE76A58-1DAC-4BD0-B444-C42C43D18A35}
		{C289CE4A-42DF-4DF2-9283-AA66D36903EF} = {605F492F-CDA7-4395-954B-453EFA6A3189}
	EndGlobalSection
EndGlobal
